
Microsoft Visual Studio Solution File, Format Version 12.00
# Visual Studio Version 16
VisualStudioVersion = 16.0.31205.134
MinimumVisualStudioVersion = 10.0.40219.1
Project("{2150E333-8FDC-42A3-9474-1A3956D46DE8}") = "Capas", "Capas", "{B0E6EADD-0633-452F-BDAA-52983AF889F2}"
EndProject
Project("{2150E333-8FDC-42A3-9474-1A3956D46DE8}") = "1.presentación", "1.presentación", "{08188C1C-C50C-4A5C-9D7B-F666F4F76BA4}"
EndProject
Project("{2150E333-8FDC-42A3-9474-1A3956D46DE8}") = "2.Aplicación", "2.Aplicación", "{D1F4306B-0D15-4135-AEEA-2A03B3596E19}"
EndProject
Project("{2150E333-8FDC-42A3-9474-1A3956D46DE8}") = "3.Dominio", "3.Dominio", "{693E38C3-D8FB-4A20-8E42-9F7BE6A9A264}"
EndProject
Project("{2150E333-8FDC-42A3-9474-1A3956D46DE8}") = "4.Persistencia", "4.Persistencia", "{42BF8C8F-57B4-4BBF-9A30-39004297429D}"
EndProject
Project("{2150E333-8FDC-42A3-9474-1A3956D46DE8}") = "WinForms", "WinForms", "{51733935-401B-4432-9EBB-5A537393A567}"
EndProject
Project("{FAE04EC0-301F-11D3-BF4B-00C04F79EFBC}") = "Capa1_Presentacion.WinForms", "Capa1_Presentacion.WinForms\Capa1_Presentacion.WinForms.csproj", "{4A2908DF-3DE3-418C-AFC0-4EA42440C441}"
EndProject
Project("{FAE04EC0-301F-11D3-BF4B-00C04F79EFBC}") = "Capa2_Aplicación", "Capa2_Aplicación\Capa2_Aplicación.csproj", "{E57350C5-81F8-4123-AE80-3A5BB4704612}"
EndProject
Project("{FAE04EC0-301F-11D3-BF4B-00C04F79EFBC}") = "Capa3_Dominio", "Capa3_Dominio\Capa3_Dominio.csproj", "{C326FC74-85A1-462E-AD04-AF8AD0301717}"
EndProject
Project("{FAE04EC0-301F-11D3-BF4B-00C04F79EFBC}") = "Capa4_Persistencia", "Capa4_Persistencia\Capa4_Persistencia.csproj", "{7292390D-24BD-4528-82D9-2AB1FEF044AD}"
EndProject
Global
	GlobalSection(SolutionConfigurationPlatforms) = preSolution
		Debug|Any CPU = Debug|Any CPU
		Release|Any CPU = Release|Any CPU
	EndGlobalSection
	GlobalSection(ProjectConfigurationPlatforms) = postSolution
		{4A2908DF-3DE3-418C-AFC0-4EA42440C441}.Debug|Any CPU.ActiveCfg = Debug|Any CPU
		{4A2908DF-3DE3-418C-AFC0-4EA42440C441}.Debug|Any CPU.Build.0 = Debug|Any CPU
		{4A2908DF-3DE3-418C-AFC0-4EA42440C441}.Release|Any CPU.ActiveCfg = Release|Any CPU
		{4A2908DF-3DE3-418C-AFC0-4EA42440C441}.Release|Any CPU.Build.0 = Release|Any CPU
		{E57350C5-81F8-4123-AE80-3A5BB4704612}.Debug|Any CPU.ActiveCfg = Debug|Any CPU
		{E57350C5-81F8-4123-AE80-3A5BB4704612}.Debug|Any CPU.Build.0 = Debug|Any CPU
		{E57350C5-81F8-4123-AE80-3A5BB4704612}.Release|Any CPU.ActiveCfg = Release|Any CPU
		{E57350C5-81F8-4123-AE80-3A5BB4704612}.Release|Any CPU.Build.0 = Release|Any CPU
		{C326FC74-85A1-462E-AD04-AF8AD0301717}.Debug|Any CPU.ActiveCfg = Debug|Any CPU
		{C326FC74-85A1-462E-AD04-AF8AD0301717}.Debug|Any CPU.Build.0 = Debug|Any CPU
		{C326FC74-85A1-462E-AD04-AF8AD0301717}.Release|Any CPU.ActiveCfg = Release|Any CPU
		{C326FC74-85A1-462E-AD04-AF8AD0301717}.Release|Any CPU.Build.0 = Release|Any CPU
		{7292390D-24BD-4528-82D9-2AB1FEF044AD}.Debug|Any CPU.ActiveCfg = Debug|Any CPU
		{7292390D-24BD-4528-82D9-2AB1FEF044AD}.Debug|Any CPU.Build.0 = Debug|Any CPU
		{7292390D-24BD-4528-82D9-2AB1FEF044AD}.Release|Any CPU.ActiveCfg = Release|Any CPU
		{7292390D-24BD-4528-82D9-2AB1FEF044AD}.Release|Any CPU.Build.0 = Release|Any CPU
	EndGlobalSection
	GlobalSection(SolutionProperties) = preSolution
		HideSolutionNode = FALSE
	EndGlobalSection
	GlobalSection(NestedProjects) = preSolution
		{08188C1C-C50C-4A5C-9D7B-F666F4F76BA4} = {B0E6EADD-0633-452F-BDAA-52983AF889F2}
		{D1F4306B-0D15-4135-AEEA-2A03B3596E19} = {B0E6EADD-0633-452F-BDAA-52983AF889F2}
		{693E38C3-D8FB-4A20-8E42-9F7BE6A9A264} = {B0E6EADD-0633-452F-BDAA-52983AF889F2}
		{42BF8C8F-57B4-4BBF-9A30-39004297429D} = {B0E6EADD-0633-452F-BDAA-52983AF889F2}
		{51733935-401B-4432-9EBB-5A537393A567} = {08188C1C-C50C-4A5C-9D7B-F666F4F76BA4}
		{4A2908DF-3DE3-418C-AFC0-4EA42440C441} = {08188C1C-C50C-4A5C-9D7B-F666F4F76BA4}
		{E57350C5-81F8-4123-AE80-3A5BB4704612} = {D1F4306B-0D15-4135-AEEA-2A03B3596E19}
		{C326FC74-85A1-462E-AD04-AF8AD0301717} = {693E38C3-D8FB-4A20-8E42-9F7BE6A9A264}
		{7292390D-24BD-4528-82D9-2AB1FEF044AD} = {42BF8C8F-57B4-4BBF-9A30-39004297429D}
	EndGlobalSection
	GlobalSection(ExtensibilityGlobals) = postSolution
		SolutionGuid = {57ACF712-A3A1-4C6D-83A4-4716A7252618}
	EndGlobalSection
EndGlobal
